
Microsoft Visual Studio Solution File, Format Version 12.00
# Visual Studio 2012
Project("{FAE04EC0-301F-11D3-BF4B-00C04F79EFBC}") = "Gene_Alg", "Gene_Alg\Gene_Alg.csproj", "{24A003A0-752D-4DFD-A24F-520D08794D19}"
EndProject
Project("{FAE04EC0-301F-11D3-BF4B-00C04F79EFBC}") = "Gene_Alg_Console", "Gene_Alg_Console\Gene_Alg_Console.csproj", "{D1F89288-1C1C-446A-8CA8-5A82D6B23D3F}"
EndProject
Global
	GlobalSection(SolutionConfigurationPlatforms) = preSolution
		Debug|Any CPU = Debug|Any CPU
		Release|Any CPU = Release|Any CPU
	EndGlobalSection
	GlobalSection(ProjectConfigurationPlatforms) = postSolution
		{24A003A0-752D-4DFD-A24F-520D08794D19}.Debug|Any CPU.ActiveCfg = Debug|Any CPU
		{24A003A0-752D-4DFD-A24F-520D08794D19}.Debug|Any CPU.Build.0 = Debug|Any CPU
		{24A003A0-752D-4DFD-A24F-520D08794D19}.Release|Any CPU.ActiveCfg = Release|Any CPU
		{24A003A0-752D-4DFD-A24F-520D08794D19}.Release|Any CPU.Build.0 = Release|Any CPU
		{D1F89288-1C1C-446A-8CA8-5A82D6B23D3F}.Debug|Any CPU.ActiveCfg = Debug|Any CPU
		{D1F89288-1C1C-446A-8CA8-5A82D6B23D3F}.Debug|Any CPU.Build.0 = Debug|Any CPU
		{D1F89288-1C1C-446A-8CA8-5A82D6B23D3F}.Release|Any CPU.ActiveCfg = Release|Any CPU
		{D1F89288-1C1C-446A-8CA8-5A82D6B23D3F}.Release|Any CPU.Build.0 = Release|Any CPU
	EndGlobalSection
	GlobalSection(SolutionProperties) = preSolution
		HideSolutionNode = FALSE
	EndGlobalSection
	GlobalSection(Performance) = preSolution
		HasPerformanceSessions = true
	EndGlobalSection
EndGlobal
